
Microsoft Visual Studio Solution File, Format Version 12.00
# Visual Studio Version 17
VisualStudioVersion = 17.11.35303.130
MinimumVisualStudioVersion = 10.0.40219.1
Project("{FAE04EC0-301F-11D3-BF4B-00C04F79EFBC}") = "App", "App\App.csproj", "{FD45021D-595E-4507-927D-D45668EF999E}"
EndProject
Global
	GlobalSection(SolutionConfigurationPlatforms) = preSolution
		Debug|Any CPU = Debug|Any CPU
		Release|Any CPU = Release|Any CPU
	EndGlobalSection
	GlobalSection(ProjectConfigurationPlatforms) = postSolution
		{FD45021D-595E-4507-927D-D45668EF999E}.Debug|Any CPU.ActiveCfg = Debug|Any CPU
		{FD45021D-595E-4507-927D-D45668EF999E}.Debug|Any CPU.Build.0 = Debug|Any CPU
		{FD45021D-595E-4507-927D-D45668EF999E}.Release|Any CPU.ActiveCfg = Release|Any CPU
		{FD45021D-595E-4507-927D-D45668EF999E}.Release|Any CPU.Build.0 = Release|Any CPU
	EndGlobalSection
	GlobalSection(SolutionProperties) = preSolution
		HideSolutionNode = FALSE
	EndGlobalSection
	GlobalSection(ExtensibilityGlobals) = postSolution
		SolutionGuid = {867664B7-D481-42E0-A866-169E3CD41A77}
	EndGlobalSection
EndGlobal
